
Microsoft Visual Studio Solution File, Format Version 12.00
# Visual Studio Version 17
VisualStudioVersion = 17.3.32819.101
MinimumVisualStudioVersion = 10.0.40219.1
Project("{9A19103F-16F7-4668-BE54-9A1E7A4F7556}") = "GeoChatter.GeoGuessr", "GeoChatter.GeoGuessr\GeoChatter.GeoGuessr.csproj", "{7EEFB60A-D040-4FE8-8A40-BF6FEDE9B7D7}"
EndProject
Project("{9A19103F-16F7-4668-BE54-9A1E7A4F7556}") = "GeoChatter.Core.Common", "..\GeoChatter.Core\GeoChatter.Core\GeoChatter.Core.Common\GeoChatter.Core.Common.csproj", "{7CFD303B-5F17-4BC1-A833-74360C6F50A4}"
EndProject
Project("{9A19103F-16F7-4668-BE54-9A1E7A4F7556}") = "GeoChatter.Core.Model", "..\GeoChatter.Core\GeoChatter.Core\GeoChatter.Core.Model\GeoChatter.Core.Model.csproj", "{ACC512A7-06DC-4D02-94C3-ADF13ADDB615}"
EndProject
Global
	GlobalSection(SolutionConfigurationPlatforms) = preSolution
		Debug|Any CPU = Debug|Any CPU
		Release|Any CPU = Release|Any CPU
	EndGlobalSection
	GlobalSection(ProjectConfigurationPlatforms) = postSolution
		{7EEFB60A-D040-4FE8-8A40-BF6FEDE9B7D7}.Debug|Any CPU.ActiveCfg = Debug|Any CPU
		{7EEFB60A-D040-4FE8-8A40-BF6FEDE9B7D7}.Debug|Any CPU.Build.0 = Debug|Any CPU
		{7EEFB60A-D040-4FE8-8A40-BF6FEDE9B7D7}.Release|Any CPU.ActiveCfg = Release|Any CPU
		{7EEFB60A-D040-4FE8-8A40-BF6FEDE9B7D7}.Release|Any CPU.Build.0 = Release|Any CPU
		{7CFD303B-5F17-4BC1-A833-74360C6F50A4}.Debug|Any CPU.ActiveCfg = Debug|Any CPU
		{7CFD303B-5F17-4BC1-A833-74360C6F50A4}.Debug|Any CPU.Build.0 = Debug|Any CPU
		{7CFD303B-5F17-4BC1-A833-74360C6F50A4}.Release|Any CPU.ActiveCfg = Release|Any CPU
		{7CFD303B-5F17-4BC1-A833-74360C6F50A4}.Release|Any CPU.Build.0 = Release|Any CPU
		{ACC512A7-06DC-4D02-94C3-ADF13ADDB615}.Debug|Any CPU.ActiveCfg = Debug|Any CPU
		{ACC512A7-06DC-4D02-94C3-ADF13ADDB615}.Debug|Any CPU.Build.0 = Debug|Any CPU
		{ACC512A7-06DC-4D02-94C3-ADF13ADDB615}.Release|Any CPU.ActiveCfg = Release|Any CPU
		{ACC512A7-06DC-4D02-94C3-ADF13ADDB615}.Release|Any CPU.Build.0 = Release|Any CPU
	EndGlobalSection
	GlobalSection(SolutionProperties) = preSolution
		HideSolutionNode = FALSE
	EndGlobalSection
	GlobalSection(ExtensibilityGlobals) = postSolution
		SolutionGuid = {DDED028B-A5AF-4DF3-80D2-41EB1A740712}
	EndGlobalSection
EndGlobal
